{
  "name": "zuwerk",
  "lockfileVersion": 3,
  "requires": true,
  "packages": {
    "": {
      "name": "zuwerk",
      "devDependencies": {
        "daisyui": "5.7.9"
      }
    },
    "node_modules/daisyui": {
      "version": "5.7.9",
      "resolved": "https://registry.npmjs.org/daisyui/-/daisyui-5.7.9.tgz",
      "integrity": "sha512-oPL7yddYPQrMsDmYtxNqPGBYc+gqm14GTwu7cDxAaUq0bPg5ZcaeR/DVMgSwgo26InVn8AECbUBUCK0rMs96Kg==",
      "dev": true,
      "license": "MIT",
      "funding": {
        "url": "https://github.com/saadeghi/daisyui?sponsor=1"
      }
    }
  }
}
