{
  "name": "zuwerk",
  "lockfileVersion": 3,
  "requires": true,
  "packages": {
    "": {
      "name": "zuwerk",
      "devDependencies": {
        "daisyui": "5.7.4"
      }
    },
    "node_modules/daisyui": {
      "version": "5.7.4",
      "resolved": "https://registry.npmjs.org/daisyui/-/daisyui-5.7.4.tgz",
      "integrity": "sha512-zKzFIwvEvn2QvE1TbUUtDnYFOqWoxeZh+j4QXfhkZKYAT++pO2ijyT9rkFm0GIPDWR1/oo9hHZzd96AsTK0iZg==",
      "dev": true,
      "license": "MIT",
      "funding": {
        "url": "https://github.com/saadeghi/daisyui?sponsor=1"
      }
    }
  }
}
